
Microsoft Visual Studio Solution File, Format Version 12.00
# Visual Studio Version 16
VisualStudioVersion = 16.0.29020.237
MinimumVisualStudioVersion = 10.0.40219.1
Project("{FAE04EC0-301F-11D3-BF4B-00C04F79EFBC}") = "Reguler_ifade", "Reguler_ifade\Reguler_ifade.csproj", "{02D424C9-2F05-4937-834A-B63CEB01E310}"
EndProject
Global
	GlobalSection(SolutionConfigurationPlatforms) = preSolution
		Debug|Any CPU = Debug|Any CPU
		Release|Any CPU = Release|Any CPU
	EndGlobalSection
	GlobalSection(ProjectConfigurationPlatforms) = postSolution
		{02D424C9-2F05-4937-834A-B63CEB01E310}.Debug|Any CPU.ActiveCfg = Debug|Any CPU
		{02D424C9-2F05-4937-834A-B63CEB01E310}.Debug|Any CPU.Build.0 = Debug|Any CPU
		{02D424C9-2F05-4937-834A-B63CEB01E310}.Release|Any CPU.ActiveCfg = Release|Any CPU
		{02D424C9-2F05-4937-834A-B63CEB01E310}.Release|Any CPU.Build.0 = Release|Any CPU
	EndGlobalSection
	GlobalSection(SolutionProperties) = preSolution
		HideSolutionNode = FALSE
	EndGlobalSection
	GlobalSection(ExtensibilityGlobals) = postSolution
		SolutionGuid = {62CCB1FB-6B96-40E4-B6F5-36B59DC5421D}
	EndGlobalSection
EndGlobal
